Microsoft Visual Studio Solution File, Format Version 11.00
# Visual Studio 2008

Project("{CF2CC97A-36AE-C8AD-B40E-2E08711154BA}") = "PhoneAssasins", "Assembly-CSharp-vs.csproj", "{079BE154-35A3-5548-218F-26DE5F9E4413}"
EndProject
Project("{CF2CC97A-36AE-C8AD-B40E-2E08711154BA}") = "PhoneAssasins", "Assembly-CSharp-Editor-vs.csproj", "{EA2BF271-B0E9-8DB5-08F7-442C33DF96B8}"
EndProject
Global
	GlobalSection(SolutionConfigurationPlatforms) = preSolution
		Debug|Any CPU = Debug|Any CPU
		Release|Any CPU = Release|Any CPU
	EndGlobalSection
	GlobalSection(ProjectConfigurationPlatforms) = postSolution
		{079BE154-35A3-5548-218F-26DE5F9E4413}.Debug|Any CPU.ActiveCfg = Debug|Any CPU
		{079BE154-35A3-5548-218F-26DE5F9E4413}.Debug|Any CPU.Build.0 = Debug|Any CPU
		{079BE154-35A3-5548-218F-26DE5F9E4413}.Release|Any CPU.ActiveCfg = Release|Any CPU
		{079BE154-35A3-5548-218F-26DE5F9E4413}.Release|Any CPU.Build.0 = Release|Any CPU
		{EA2BF271-B0E9-8DB5-08F7-442C33DF96B8}.Debug|Any CPU.ActiveCfg = Debug|Any CPU
		{EA2BF271-B0E9-8DB5-08F7-442C33DF96B8}.Debug|Any CPU.Build.0 = Debug|Any CPU
		{EA2BF271-B0E9-8DB5-08F7-442C33DF96B8}.Release|Any CPU.ActiveCfg = Release|Any CPU
		{EA2BF271-B0E9-8DB5-08F7-442C33DF96B8}.Release|Any CPU.Build.0 = Release|Any CPU
	EndGlobalSection
	GlobalSection(SolutionProperties) = preSolution
		HideSolutionNode = FALSE
	EndGlobalSection
																																	GlobalSection(MonoDevelopProperties) = preSolution
		StartupItem = Assembly-CSharp.csproj
		Policies = $0
		$0.TextStylePolicy = $1
		$1.inheritsSet = null
		$1.scope = text/x-csharp
		$0.CSharpFormattingPolicy = $2
		$2.inheritsSet = Mono
		$2.inheritsScope = text/x-csharp
		$2.scope = text/x-csharp
		$0.TextStylePolicy = $3
		$3.FileWidth = 120
		$3.TabWidth = 4
		$3.IndentWidth = 4
		$3.EolMarker = Unix
		$3.inheritsSet = Mono
		$3.inheritsScope = text/plain
		$3.scope = text/plain
	EndGlobalSection

EndGlobal
